
Microsoft Visual Studio Solution File, Format Version 12.00
# Visual Studio Version 17
VisualStudioVersion = 17.1.32319.34
MinimumVisualStudioVersion = 10.0.40219.1
Project("{8BC9CEB8-8B4A-11D0-8D11-00A0C91BC942}") = "WeChatHook", "WeChatHook.vcxproj", "{FADA0CD5-2A15-46A4-9D03-EFF2FE3E66E6}"
EndProject
Global
	GlobalSection(SolutionConfigurationPlatforms) = preSolution
		Debug|x64 = Debug|x64
		Debug|x86 = Debug|x86
		Release|x64 = Release|x64
		Release|x86 = Release|x86
	EndGlobalSection
	GlobalSection(ProjectConfigurationPlatforms) = postSolution
		{FADA0CD5-2A15-46A4-9D03-EFF2FE3E66E6}.Debug|x64.ActiveCfg = Debug|x64
		{FADA0CD5-2A15-46A4-9D03-EFF2FE3E66E6}.Debug|x64.Build.0 = Debug|x64
		{FADA0CD5-2A15-46A4-9D03-EFF2FE3E66E6}.Debug|x86.ActiveCfg = Debug|Win32
		{FADA0CD5-2A15-46A4-9D03-EFF2FE3E66E6}.Debug|x86.Build.0 = Debug|Win32
		{FADA0CD5-2A15-46A4-9D03-EFF2FE3E66E6}.Release|x64.ActiveCfg = Release|x64
		{FADA0CD5-2A15-46A4-9D03-EFF2FE3E66E6}.Release|x64.Build.0 = Release|x64
		{FADA0CD5-2A15-46A4-9D03-EFF2FE3E66E6}.Release|x86.ActiveCfg = Release|Win32
		{FADA0CD5-2A15-46A4-9D03-EFF2FE3E66E6}.Release|x86.Build.0 = Release|Win32
	EndGlobalSection
	GlobalSection(SolutionProperties) = preSolution
		HideSolutionNode = FALSE
	EndGlobalSection
	GlobalSection(ExtensibilityGlobals) = postSolution
		SolutionGuid = {65612F61-90BA-43D0-B9C2-8BA0E42DDF18}
	EndGlobalSection
EndGlobal
